
Microsoft Visual Studio Solution File, Format Version 12.00
# Visual Studio Version 17
VisualStudioVersion = 17.0.32014.148
MinimumVisualStudioVersion = 10.0.40219.1
Project("{888888A0-9F3D-457C-B088-3A5042F75D52}") = "opgcase", "opgcase.pyproj", "{CA116B94-7D10-4ECA-9464-449D8F05E446}"
EndProject
Global
	GlobalSection(SolutionConfigurationPlatforms) = preSolution
		Debug|Any CPU = Debug|Any CPU
		Release|Any CPU = Release|Any CPU
	EndGlobalSection
	GlobalSection(ProjectConfigurationPlatforms) = postSolution
		{CA116B94-7D10-4ECA-9464-449D8F05E446}.Debug|Any CPU.ActiveCfg = Debug|Any CPU
		{CA116B94-7D10-4ECA-9464-449D8F05E446}.Release|Any CPU.ActiveCfg = Release|Any CPU
	EndGlobalSection
	GlobalSection(SolutionProperties) = preSolution
		HideSolutionNode = FALSE
	EndGlobalSection
	GlobalSection(ExtensibilityGlobals) = postSolution
		SolutionGuid = {248CD2C5-F240-4ECC-BFFA-5358922D253D}
	EndGlobalSection
EndGlobal
